<?xml version="1.0" encoding="utf-8"?>
<Project ToolsVersion="4.0" xmlns="http://schemas.microsoft.com/developer/msbuild/2003">
  <ItemGroup>
    <Filter Include="來源檔案">
      <UniqueIdentifier>{4FC737F1-C7A5-4376-A066-2A32D752A2FF}</UniqueIdentifier>
      <Extensions>cpp;c;cc;cxx;c++;cppm;ixx;def;odl;idl;hpj;bat;asm;asmx</Extensions>
    </Filter>
    <Filter Include="標頭檔">
      <UniqueIdentifier>{93995380-89BD-4b04-88EB-625FBE52EBFB}</UniqueIdentifier>
      <Extensions>h;hh;hpp;hxx;h++;hm;inl;inc;ipp;xsd</Extensions>
    </Filter>
    <Filter Include="資源檔">
      <UniqueIdentifier>{67DA6AB6-F800-4c08-8B7A-83BB121AAD01}</UniqueIdentifier>
      <Extensions>rc;ico;cur;bmp;dlg;rc2;rct;bin;rgs;gif;jpg;jpeg;jpe;resx;tiff;tif;png;wav;mfcribbon-ms</Extensions>
    </Filter>
    <Filter Include="來源檔案\core">
      <UniqueIdentifier>{f72d4e59-20ca-43c3-bf3c-fca58b0eaa10}</UniqueIdentifier>
    </Filter>
  </ItemGroup>
  <ItemGroup>
    <ClCompile Include="Quiz.cpp">
      <Filter>來源檔案</Filter>
    </ClCompile>
  </ItemGroup>
  <ItemGroup>
    <ClInclude Include="TestEngine.hpp">
      <Filter>來源檔案</Filter>
    </ClInclude>
    <ClInclude Include="FlippingTheMatrix\FlippingTheMatrix.hpp">
      <Filter>來源檔案\core</Filter>
    </ClInclude>
    <ClInclude Include="L0001_TwoSum\L0001_TwoSum.hpp">
      <Filter>來源檔案\core</Filter>
    </ClInclude>
    <ClInclude Include="L0042_TrappingRainWater\L0042_TrappingRainWater.hpp">
      <Filter>來源檔案\core</Filter>
    </ClInclude>
    <ClInclude Include="L0056_MergeIntervals\L0056_MergeIntervals.hpp">
      <Filter>來源檔案\core</Filter>
    </ClInclude>
    <ClInclude Include="L0146_LRUCache\L0146_LRUCache.hpp">
      <Filter>來源檔案\core</Filter>
    </ClInclude>
    <ClInclude Include="L0207_CourseSchedule\L0207_CourseSchedule.hpp">
      <Filter>來源檔案\core</Filter>
    </ClInclude>
    <ClInclude Include="L0210_CourseScheduleII\L0210_CourseScheduleII.hpp">
      <Filter>來源檔案\core</Filter>
    </ClInclude>
    <ClInclude Include="L0986_IntervalListIntersections\L0986_IntervalListIntersections.hpp">
      <Filter>來源檔案\core</Filter>
    </ClInclude>
    <ClInclude Include="L1828_QueriesOnNumberOfPointsInsideACircle\L1828_QueriesOnNumberOfPointsInsideACircle.hpp">
      <Filter>來源檔案\core</Filter>
    </ClInclude>
    <ClInclude Include="L0002_AddTwoNumbers\L0002_AddTwoNumbers.hpp">
      <Filter>來源檔案\core</Filter>
    </ClInclude>
    <ClInclude Include="L0003_LongestSubstringWithoutRepeatingCharacters\L0003_LongestSubstringWithoutRepeatingCharacters.hpp">
      <Filter>來源檔案\core</Filter>
    </ClInclude>
    <ClInclude Include="L0004_MedianOfTwoSortedArrays\L0004_MedianOfTwoSortedArrays.hpp">
      <Filter>來源檔案\core</Filter>
    </ClInclude>
    <ClInclude Include="L0005_LongestPalindromicSubstring\L0005_LongestPalindromicSubstring.hpp">
      <Filter>來源檔案\core</Filter>
    </ClInclude>
    <ClInclude Include="L0006_ZigZagConversion\L0006_ZigZagConversion.hpp">
      <Filter>來源檔案\core</Filter>
    </ClInclude>
    <ClInclude Include="L0007_ReverseInteger\L0007_ReverseInteger.hpp">
      <Filter>來源檔案\core</Filter>
    </ClInclude>
    <ClInclude Include="L0008_StringToInteger\L0008_StringToInteger.hpp">
      <Filter>來源檔案\core</Filter>
    </ClInclude>
    <ClInclude Include="L0009_PalindromeNumber\L0009_PalindromeNumber.hpp">
      <Filter>來源檔案\core</Filter>
    </ClInclude>
    <ClInclude Include="L0010_RegularExpressionMatching\L0010_RegularExpressionMatching.hpp">
      <Filter>來源檔案\core</Filter>
    </ClInclude>
  </ItemGroup>
</Project>